
Microsoft Visual Studio Solution File, Format Version 12.00
# Visual Studio Version 17
VisualStudioVersion = 17.13.35931.197 d17.13
MinimumVisualStudioVersion = 10.0.40219.1
Project("{FAE04EC0-301F-11D3-BF4B-00C04F79EFBC}") = "MvcMovie", "MvcMovie\MvcMovie.csproj", "{CF9CCE42-DC89-497D-9A0E-6C595BCEA0C0}"
EndProject
Global
	GlobalSection(SolutionConfigurationPlatforms) = preSolution
		Debug|Any CPU = Debug|Any CPU
		Release|Any CPU = Release|Any CPU
	EndGlobalSection
	GlobalSection(ProjectConfigurationPlatforms) = postSolution
		{CF9CCE42-DC89-497D-9A0E-6C595BCEA0C0}.Debug|Any CPU.ActiveCfg = Debug|Any CPU
		{CF9CCE42-DC89-497D-9A0E-6C595BCEA0C0}.Debug|Any CPU.Build.0 = Debug|Any CPU
		{CF9CCE42-DC89-497D-9A0E-6C595BCEA0C0}.Release|Any CPU.ActiveCfg = Release|Any CPU
		{CF9CCE42-DC89-497D-9A0E-6C595BCEA0C0}.Release|Any CPU.Build.0 = Release|Any CPU
	EndGlobalSection
	GlobalSection(SolutionProperties) = preSolution
		HideSolutionNode = FALSE
	EndGlobalSection
	GlobalSection(ExtensibilityGlobals) = postSolution
		SolutionGuid = {E8542A5E-C26F-42CB-9D62-EF72B21F88EF}
	EndGlobalSection
EndGlobal
